# This file is automatically @generated by Poetry 1.7.1 and should not be changed by hand.

[[package]]
name = "asgiref"
version = "3.8.1"
description = "ASGI specs, helper code, and adapters"
optional = false
python-versions = ">=3.8"
files = [
    {file = "asgiref-3.8.1-py3-none-any.whl", hash = "sha256:3e1e3ecc849832fe52ccf2cb6686b7a55f82bb1d6aee72a58826471390335e47"},
    {file = "asgiref-3.8.1.tar.gz", hash = "sha256:c343bd80a0bec947a9860adb4c432ffa7db769836c64238fc34bdc3fec84d590"},
]

[package.extras]
tests = ["mypy (>=0.800)", "pytest", "pytest-asyncio"]

[[package]]
name = "chardet"
version = "5.2.0"
description = "Universal encoding detector for Python 3"
optional = false
python-versions = ">=3.7"
files = [
    {file = "chardet-5.2.0-py3-none-any.whl", hash = "sha256:e1cf59446890a00105fe7b7912492ea04b6e6f06d4b742b2c788469e34c82970"},
    {file = "chardet-5.2.0.tar.gz", hash = "sha256:1b3b6ff479a8c414bc3fa2c0852995695c4a026dcd6d0633b2dd092ca39c1cf7"},
]

[[package]]
name = "config"
version = "0.5.1"
description = "A hierarchical, easy-to-use, powerful configuration module for Python"
optional = false
python-versions = "*"
files = [
    {file = "config-0.5.1-py2.py3-none-any.whl", hash = "sha256:79ffa009ff2663cc8ca29e56bcec031c044609d4bafaa4f884132a413101ce84"},
    {file = "config-0.5.1.zip", hash = "sha256:2dd4a03aa383d30711d5a3325a1858de225328d61950a85be5b74c100f63016d"},
]

[[package]]
name = "crispy-bootstrap4"
version = "2024.1"
description = "Bootstrap4 template pack for django-crispy-forms"
optional = false
python-versions = ">=3.8"
files = [
    {file = "crispy-bootstrap4-2024.1.tar.gz", hash = "sha256:208673bf6a25892a656971af7a00e18ba2f7f06cd4a0d667923bd6134e64d276"},
    {file = "crispy_bootstrap4-2024.1-py3-none-any.whl", hash = "sha256:46cf98777a28621d240bf71eb36d4a26ff86e9e19be1cfd822645f4043d18c31"},
]

[package.dependencies]
django = ">=4.2"
django-crispy-forms = ">=2.0"

[[package]]
name = "crispy-tailwind"
version = "1.0.3"
description = "Tailwind CSS for Django Crispy Forms"
optional = false
python-versions = ">=3.8"
files = [
    {file = "crispy-tailwind-1.0.3.tar.gz", hash = "sha256:2bc9f616d406e4b003f25d46fcb0079f1c2522719d97adb107667271d849459a"},
    {file = "crispy_tailwind-1.0.3-py3-none-any.whl", hash = "sha256:31427f66b1c4fd0d6fb040f4197cfb97d104cdbe7641ea2dea940c0057c4db4b"},
]

[package.dependencies]
django = ">=4.2"
django-crispy-forms = ">=2.0"

[package.extras]
test = ["pytest", "pytest-django"]

[[package]]
name = "django"
version = "5.0.6"
description = "A high-level Python web framework that encourages rapid development and clean, pragmatic design."
optional = false
python-versions = ">=3.10"
files = [
    {file = "Django-5.0.6-py3-none-any.whl", hash = "sha256:8363ac062bb4ef7c3f12d078f6fa5d154031d129a15170a1066412af49d30905"},
    {file = "Django-5.0.6.tar.gz", hash = "sha256:ff1b61005004e476e0aeea47c7f79b85864c70124030e95146315396f1e7951f"},
]

[package.dependencies]
asgiref = ">=3.7.0,<4"
sqlparse = ">=0.3.1"
tzdata = {version = "*", markers = "sys_platform == \"win32\""}

[package.extras]
argon2 = ["argon2-cffi (>=19.1.0)"]
bcrypt = ["bcrypt"]

[[package]]
name = "django-allauth"
version = "0.63.6"
description = "Integrated set of Django applications addressing authentication, registration, account management as well as 3rd party (social) account authentication."
optional = false
python-versions = ">=3.7"
files = [
    {file = "django_allauth-0.63.6.tar.gz", hash = "sha256:f15f49defb09e0604dad5214e53a69a1f723cb03176bb115c8930bcd19b91749"},
]

[package.dependencies]
Django = ">=3.2"

[package.extras]
mfa = ["qrcode (>=7.0.0)"]
openid = ["python3-openid (>=3.0.8)"]
saml = ["python3-saml (>=1.15.0,<2.0.0)"]
socialaccount = ["pyjwt[crypto] (>=1.7)", "requests (>=2.0.0)", "requests-oauthlib (>=0.3.0)"]
steam = ["python3-openid (>=3.0.8)"]

[[package]]
name = "django-appconf"
version = "1.0.6"
description = "A helper class for handling configuration defaults of packaged apps gracefully."
optional = false
python-versions = ">=3.7"
files = [
    {file = "django-appconf-1.0.6.tar.gz", hash = "sha256:cfe87ea827c4ee04b9a70fab90b86d704cb02f2981f89da8423cb0fabf88efbf"},
    {file = "django_appconf-1.0.6-py3-none-any.whl", hash = "sha256:c3ae442fba1ff7ec830412c5184b17169a7a1e71cf0864a4c3f93cf4c98a1993"},
]

[package.dependencies]
django = "*"

[[package]]
name = "django-browser-reload"
version = "1.13.0"
description = "Automatically reload your browser in development."
optional = false
python-versions = ">=3.8"
files = [
    {file = "django_browser_reload-1.13.0-py3-none-any.whl", hash = "sha256:5c1705eb29f0b72808b702484f10a8d5da9cd9243e55ab81446cb697e96b3e8c"},
    {file = "django_browser_reload-1.13.0.tar.gz", hash = "sha256:4e3507c10518f4c7439588aaed2f0c21b503878ecea7b18893f1e635e0cbe3ab"},
]

[package.dependencies]
asgiref = ">=3.6"
django = ">=3.2"

[[package]]
name = "django-ckeditor"
version = "6.7.1"
description = "Django admin CKEditor integration."
optional = false
python-versions = ">=3.8"
files = [
    {file = "django-ckeditor-6.7.1.tar.gz", hash = "sha256:7144f9ead662306266c728912487313b3b87ba2abf9dbb82c447f662ce25d1f7"},
    {file = "django_ckeditor-6.7.1-py3-none-any.whl", hash = "sha256:55b5f9ce3af47e3c8a8ed37d42be8439da2a664d6e571c2247c1db5c96459dd7"},
]

[package.dependencies]
Django = ">=3.2"
django-js-asset = ">=2.0"

[[package]]
name = "django-colorfield"
version = "0.11.0"
description = "color field for django models with a nice color-picker in the admin."
optional = false
python-versions = "*"
files = [
    {file = "django-colorfield-0.11.0.tar.gz", hash = "sha256:05c38c8eb2a94938b810a19b2011846391a4ce71d1c92e88a35974fbcc8fc62e"},
    {file = "django_colorfield-0.11.0-py3-none-any.whl", hash = "sha256:460f40e6123b6ae0fb51a4eb86fc258fcdc0ea28f75102b685e8209b1eae9ec3"},
]

[package.dependencies]
Pillow = ">=9.0.0"

[[package]]
name = "django-compressor"
version = "4.5"
description = "('Compresses linked and inline JavaScript or CSS into single cached files.',)"
optional = false
python-versions = ">=3.8"
files = [
    {file = "django_compressor-4.5-py2.py3-none-any.whl", hash = "sha256:2c14e1a80a234432153e64035ae1adaf638c1ba8d7fc9e60a7be2fad5697fdbe"},
    {file = "django_compressor-4.5.tar.gz", hash = "sha256:9d98c905b741be6cb09ad828c1d22a9ff9244dd08823e2926af8ddd1871c3c65"},
]

[package.dependencies]
Django = ">=4.2"
django-appconf = ">=1.0.3"
rcssmin = "1.1.2"
rjsmin = "1.2.2"

[[package]]
name = "django-crispy-forms"
version = "2.3"
description = "Best way to have Django DRY forms"
optional = false
python-versions = ">=3.8"
files = [
    {file = "django_crispy_forms-2.3-py3-none-any.whl", hash = "sha256:efc4c31e5202bbec6af70d383a35e12fc80ea769d464fb0e7fe21768bb138a20"},
    {file = "django_crispy_forms-2.3.tar.gz", hash = "sha256:2db17ae08527201be1273f0df789e5f92819e23dd28fec69cffba7f3762e1a38"},
]

[package.dependencies]
django = ">=4.2"

[[package]]
name = "django-environ"
version = "0.11.2"
description = "A package that allows you to utilize 12factor inspired environment variables to configure your Django application."
optional = false
python-versions = ">=3.6,<4"
files = [
    {file = "django-environ-0.11.2.tar.gz", hash = "sha256:f32a87aa0899894c27d4e1776fa6b477e8164ed7f6b3e410a62a6d72caaf64be"},
    {file = "django_environ-0.11.2-py2.py3-none-any.whl", hash = "sha256:0ff95ab4344bfeff693836aa978e6840abef2e2f1145adff7735892711590c05"},
]

[package.extras]
develop = ["coverage[toml] (>=5.0a4)", "furo (>=2021.8.17b43,<2021.9.dev0)", "pytest (>=4.6.11)", "sphinx (>=3.5.0)", "sphinx-notfound-page"]
docs = ["furo (>=2021.8.17b43,<2021.9.dev0)", "sphinx (>=3.5.0)", "sphinx-notfound-page"]
testing = ["coverage[toml] (>=5.0a4)", "pytest (>=4.6.11)"]

[[package]]
name = "django-filter"
version = "24.2"
description = "Django-filter is a reusable Django application for allowing users to filter querysets dynamically."
optional = false
python-versions = ">=3.8"
files = [
    {file = "django-filter-24.2.tar.gz", hash = "sha256:48e5fc1da3ccd6ca0d5f9bb550973518ce977a4edde9d2a8a154a7f4f0b9f96e"},
    {file = "django_filter-24.2-py3-none-any.whl", hash = "sha256:df2ee9857e18d38bed203c8745f62a803fa0f31688c9fe6f8e868120b1848e48"},
]

[package.dependencies]
Django = ">=4.2"

[[package]]
name = "django-imagekit"
version = "5.0.0"
description = "Automated image processing for Django models."
optional = false
python-versions = "*"
files = [
    {file = "django-imagekit-5.0.0.tar.gz", hash = "sha256:aae9f74a8e9b6ceb5d15f7d8e266302901e76d9f532c78bd5135cb0fa206a6b0"},
    {file = "django_imagekit-5.0.0-py3-none-any.whl", hash = "sha256:a8e77ed6549751026a51f961bb2cd5fda739be691496da8eecbe68ffb966c261"},
]

[package.dependencies]
django-appconf = "*"
pilkit = "*"

[package.extras]
async = ["django-celery (>=3.0)"]
async-dramatiq = ["django-dramatiq (>=0.4.0)"]
async-rq = ["django-rq (>=0.6.0)"]

[[package]]
name = "django-js-asset"
version = "2.2.0"
description = "script tag with additional attributes for django.forms.Media"
optional = false
python-versions = ">=3.8"
files = [
    {file = "django_js_asset-2.2.0-py3-none-any.whl", hash = "sha256:7ef3e858e13d06f10799b56eea62b1e76706f42cf4e709be4e13356bc0ae30d8"},
    {file = "django_js_asset-2.2.0.tar.gz", hash = "sha256:0c57a82cae2317e83951d956110ce847f58ff0cdc24e314dbc18b35033917e94"},
]

[package.dependencies]
django = ">=3.2"

[package.extras]
tests = ["coverage"]

[[package]]
name = "django-pictures"
version = "1.3.1"
description = "Responsive cross-browser image library using modern codes like AVIF & WebP."
optional = false
python-versions = ">=3.8"
files = [
    {file = "django_pictures-1.3.1-py3-none-any.whl", hash = "sha256:ed75a362f0e2b0804d97fe5120520691f1aa6ef03d989c74f85e433bf5ac703b"},
    {file = "django_pictures-1.3.1.tar.gz", hash = "sha256:58b97f15f36e3e081c633a03f1f860134dc2ccfbfcb093e7f71ae291a0d1d89c"},
]

[package.dependencies]
django = ">=3.2.0"
pillow = ">=9.0.0"

[package.extras]
celery = ["celery"]
cleanup = ["django-cleanup"]
django-rq = ["django-rq"]
dramatiq = ["django-dramatiq"]
drf = ["djangorestframework"]
lint = ["bandit (==1.7.8)", "black (==24.4.2)", "flake8 (==7.0.0)", "isort (==5.13.2)", "pydocstyle[toml] (==6.3.0)"]
test = ["pytest", "pytest-cov", "pytest-django", "redis"]

[[package]]
name = "django-stdimage"
version = "6.0.2"
description = "Django Standarized Image Field"
optional = false
python-versions = "*"
files = [
    {file = "django-stdimage-6.0.2.tar.gz", hash = "sha256:880ab14828be56b53f711c3afae83c219ddd5d9af00850626736feb48382bf7f"},
    {file = "django_stdimage-6.0.2-py2.py3-none-any.whl", hash = "sha256:9a73f7da48c48074580e2b032d5bdb7164935dbe4b9dc4fb88a7e112f3d521c8"},
]

[package.dependencies]
Django = ">=2.2"
pillow = ">=2.5"

[package.extras]
progressbar = ["progressbar2 (>=3.0.0)"]
test = ["pytest", "pytest-cov", "pytest-django"]

[[package]]
name = "django-tailwind"
version = "3.8.0"
description = "Tailwind CSS Framework for Django projects"
optional = false
python-versions = ">=3.10.0,<4.0.0"
files = [
    {file = "django_tailwind-3.8.0-py3-none-any.whl", hash = "sha256:fa969c5b95d314b173fe2b2ed2cb2c03f2e2c94fdc2c01ff73a993fa159085da"},
    {file = "django_tailwind-3.8.0.tar.gz", hash = "sha256:31c2f4a7879d685c2de0feaf0b63f246200b37337bea4d7dbafb59bc3f10c008"},
]

[package.dependencies]
django = ">=3.2.14"

[package.extras]
reload = ["django-browser-reload (>=1.12.1,<2.0.0)"]

[[package]]
name = "django-widget-tweaks"
version = "1.5.0"
description = "Tweak the form field rendering in templates, not in python-level form definitions."
optional = false
python-versions = ">=3.8"
files = [
    {file = "django-widget-tweaks-1.5.0.tar.gz", hash = "sha256:1c2180681ebb994e922c754804c7ffebbe1245014777ac47897a81f57cc629c7"},
    {file = "django_widget_tweaks-1.5.0-py3-none-any.whl", hash = "sha256:a41b7b2f05bd44d673d11ebd6c09a96f1d013ee98121cb98c384fe84e33b881e"},
]

[[package]]
name = "pilkit"
version = "3.0"
description = "A collection of utilities and processors for the Python Imaging Library."
optional = false
python-versions = "*"
files = [
    {file = "pilkit-3.0-py3-none-any.whl", hash = "sha256:fe1707b0411a1d0cbf9ad3986779fa5a346cec4582a188740924aa39f504d117"},
    {file = "pilkit-3.0.tar.gz", hash = "sha256:f6719e8cc0482e5447f5cb94f18b949d8e604ea9673a9b019c74d41b779e4eab"},
]

[package.dependencies]
Pillow = ">=7.0"

[[package]]
name = "pillow"
version = "10.3.0"
description = "Python Imaging Library (Fork)"
optional = false
python-versions = ">=3.8"
files = [
    {file = "pillow-10.3.0-cp310-cp310-macosx_10_10_x86_64.whl", hash = "sha256:90b9e29824800e90c84e4022dd5cc16eb2d9605ee13f05d47641eb183cd73d45"},
    {file = "pillow-10.3.0-cp310-cp310-macosx_11_0_arm64.whl", hash = "sha256:a2c405445c79c3f5a124573a051062300936b0281fee57637e706453e452746c"},
    {file = "pillow-10.3.0-cp310-cp310-manylinux_2_17_aarch64.manylinux2014_aarch64.whl", hash = "sha256:78618cdbccaa74d3f88d0ad6cb8ac3007f1a6fa5c6f19af64b55ca170bfa1edf"},
    {file = "pillow-10.3.0-cp310-cp310-manylinux_2_17_x86_64.manylinux2014_x86_64.whl", hash = "sha256:261ddb7ca91fcf71757979534fb4c128448b5b4c55cb6152d280312062f69599"},
    {file = "pillow-10.3.0-cp310-cp310-manylinux_2_28_aarch64.whl", hash = "sha256:ce49c67f4ea0609933d01c0731b34b8695a7a748d6c8d186f95e7d085d2fe475"},
    {file = "pillow-10.3.0-cp310-cp310-manylinux_2_28_x86_64.whl", hash = "sha256:b14f16f94cbc61215115b9b1236f9c18403c15dd3c52cf629072afa9d54c1cbf"},
    {file = "pillow-10.3.0-cp310-cp310-musllinux_1_1_aarch64.whl", hash = "sha256:d33891be6df59d93df4d846640f0e46f1a807339f09e79a8040bc887bdcd7ed3"},
    {file = "pillow-10.3.0-cp310-cp310-musllinux_1_1_x86_64.whl", hash = "sha256:b50811d664d392f02f7761621303eba9d1b056fb1868c8cdf4231279645c25f5"},
    {file = "pillow-10.3.0-cp310-cp310-win32.whl", hash = "sha256:ca2870d5d10d8726a27396d3ca4cf7976cec0f3cb706debe88e3a5bd4610f7d2"},
    {file = "pillow-10.3.0-cp310-cp310-win_amd64.whl", hash = "sha256:f0d0591a0aeaefdaf9a5e545e7485f89910c977087e7de2b6c388aec32011e9f"},
    {file = "pillow-10.3.0-cp310-cp310-win_arm64.whl", hash = "sha256:ccce24b7ad89adb5a1e34a6ba96ac2530046763912806ad4c247356a8f33a67b"},
    {file = "pillow-10.3.0-cp311-cp311-macosx_10_10_x86_64.whl", hash = "sha256:5f77cf66e96ae734717d341c145c5949c63180842a545c47a0ce7ae52ca83795"},
    {file = "pillow-10.3.0-cp311-cp311-macosx_11_0_arm64.whl", hash = "sha256:e4b878386c4bf293578b48fc570b84ecfe477d3b77ba39a6e87150af77f40c57"},
    {file = "pillow-10.3.0-cp311-cp311-manylinux_2_17_aarch64.manylinux2014_aarch64.whl", hash = "sha256:fdcbb4068117dfd9ce0138d068ac512843c52295ed996ae6dd1faf537b6dbc27"},
    {file = "pillow-10.3.0-cp311-cp311-manylinux_2_17_x86_64.manylinux2014_x86_64.whl", hash = "sha256:9797a6c8fe16f25749b371c02e2ade0efb51155e767a971c61734b1bf6293994"},
    {file = "pillow-10.3.0-cp311-cp311-manylinux_2_28_aarch64.whl", hash = "sha256:9e91179a242bbc99be65e139e30690e081fe6cb91a8e77faf4c409653de39451"},
    {file = "pillow-10.3.0-cp311-cp311-manylinux_2_28_x86_64.whl", hash = "sha256:1b87bd9d81d179bd8ab871603bd80d8645729939f90b71e62914e816a76fc6bd"},
    {file = "pillow-10.3.0-cp311-cp311-musllinux_1_1_aarch64.whl", hash = "sha256:81d09caa7b27ef4e61cb7d8fbf1714f5aec1c6b6c5270ee53504981e6e9121ad"},
    {file = "pillow-10.3.0-cp311-cp311-musllinux_1_1_x86_64.whl", hash = "sha256:048ad577748b9fa4a99a0548c64f2cb8d672d5bf2e643a739ac8faff1164238c"},
    {file = "pillow-10.3.0-cp311-cp311-win32.whl", hash = "sha256:7161ec49ef0800947dc5570f86568a7bb36fa97dd09e9827dc02b718c5643f09"},
    {file = "pillow-10.3.0-cp311-cp311-win_amd64.whl", hash = "sha256:8eb0908e954d093b02a543dc963984d6e99ad2b5e36503d8a0aaf040505f747d"},
    {file = "pillow-10.3.0-cp311-cp311-win_arm64.whl", hash = "sha256:4e6f7d1c414191c1199f8996d3f2282b9ebea0945693fb67392c75a3a320941f"},
    {file = "pillow-10.3.0-cp312-cp312-macosx_10_10_x86_64.whl", hash = "sha256:e46f38133e5a060d46bd630faa4d9fa0202377495df1f068a8299fd78c84de84"},
    {file = "pillow-10.3.0-cp312-cp312-macosx_11_0_arm64.whl", hash = "sha256:50b8eae8f7334ec826d6eeffaeeb00e36b5e24aa0b9df322c247539714c6df19"},
    {file = "pillow-10.3.0-cp312-cp312-manylinux_2_17_aarch64.manylinux2014_aarch64.whl", hash = "sha256:9d3bea1c75f8c53ee4d505c3e67d8c158ad4df0d83170605b50b64025917f338"},
    {file = "pillow-10.3.0-cp312-cp312-manylinux_2_17_x86_64.manylinux2014_x86_64.whl", hash = "sha256:19aeb96d43902f0a783946a0a87dbdad5c84c936025b8419da0a0cd7724356b1"},
    {file = "pillow-10.3.0-cp312-cp312-manylinux_2_28_aarch64.whl", hash = "sha256:74d28c17412d9caa1066f7a31df8403ec23d5268ba46cd0ad2c50fb82ae40462"},
    {file = "pillow-10.3.0-cp312-cp312-manylinux_2_28_x86_64.whl", hash = "sha256:ff61bfd9253c3915e6d41c651d5f962da23eda633cf02262990094a18a55371a"},
    {file = "pillow-10.3.0-cp312-cp312-musllinux_1_1_aarch64.whl", hash = "sha256:d886f5d353333b4771d21267c7ecc75b710f1a73d72d03ca06df49b09015a9ef"},
    {file = "pillow-10.3.0-cp312-cp312-musllinux_1_1_x86_64.whl", hash = "sha256:4b5ec25d8b17217d635f8935dbc1b9aa5907962fae29dff220f2659487891cd3"},
    {file = "pillow-10.3.0-cp312-cp312-win32.whl", hash = "sha256:51243f1ed5161b9945011a7360e997729776f6e5d7005ba0c6879267d4c5139d"},
    {file = "pillow-10.3.0-cp312-cp312-win_amd64.whl", hash = "sha256:412444afb8c4c7a6cc11a47dade32982439925537e483be7c0ae0cf96c4f6a0b"},
    {file = "pillow-10.3.0-cp312-cp312-win_arm64.whl", hash = "sha256:798232c92e7665fe82ac085f9d8e8ca98826f8e27859d9a96b41d519ecd2e49a"},
    {file = "pillow-10.3.0-cp38-cp38-macosx_10_10_x86_64.whl", hash = "sha256:4eaa22f0d22b1a7e93ff0a596d57fdede2e550aecffb5a1ef1106aaece48e96b"},
    {file = "pillow-10.3.0-cp38-cp38-macosx_11_0_arm64.whl", hash = "sha256:cd5e14fbf22a87321b24c88669aad3a51ec052eb145315b3da3b7e3cc105b9a2"},
    {file = "pillow-10.3.0-cp38-cp38-manylinux_2_17_aarch64.manylinux2014_aarch64.whl", hash = "sha256:1530e8f3a4b965eb6a7785cf17a426c779333eb62c9a7d1bbcf3ffd5bf77a4aa"},
    {file = "pillow-10.3.0-cp38-cp38-manylinux_2_17_x86_64.manylinux2014_x86_64.whl", hash = "sha256:5d512aafa1d32efa014fa041d38868fda85028e3f930a96f85d49c7d8ddc0383"},
    {file = "pillow-10.3.0-cp38-cp38-manylinux_2_28_aarch64.whl", hash = "sha256:339894035d0ede518b16073bdc2feef4c991ee991a29774b33e515f1d308e08d"},
    {file = "pillow-10.3.0-cp38-cp38-manylinux_2_28_x86_64.whl", hash = "sha256:aa7e402ce11f0885305bfb6afb3434b3cd8f53b563ac065452d9d5654c7b86fd"},
    {file = "pillow-10.3.0-cp38-cp38-musllinux_1_1_aarch64.whl", hash = "sha256:0ea2a783a2bdf2a561808fe4a7a12e9aa3799b701ba305de596bc48b8bdfce9d"},
    {file = "pillow-10.3.0-cp38-cp38-musllinux_1_1_x86_64.whl", hash = "sha256:c78e1b00a87ce43bb37642c0812315b411e856a905d58d597750eb79802aaaa3"},
    {file = "pillow-10.3.0-cp38-cp38-win32.whl", hash = "sha256:72d622d262e463dfb7595202d229f5f3ab4b852289a1cd09650362db23b9eb0b"},
    {file = "pillow-10.3.0-cp38-cp38-win_amd64.whl", hash = "sha256:2034f6759a722da3a3dbd91a81148cf884e91d1b747992ca288ab88c1de15999"},
    {file = "pillow-10.3.0-cp39-cp39-macosx_10_10_x86_64.whl", hash = "sha256:2ed854e716a89b1afcedea551cd85f2eb2a807613752ab997b9974aaa0d56936"},
    {file = "pillow-10.3.0-cp39-cp39-macosx_11_0_arm64.whl", hash = "sha256:dc1a390a82755a8c26c9964d457d4c9cbec5405896cba94cf51f36ea0d855002"},
    {file = "pillow-10.3.0-cp39-cp39-manylinux_2_17_aarch64.manylinux2014_aarch64.whl", hash = "sha256:4203efca580f0dd6f882ca211f923168548f7ba334c189e9eab1178ab840bf60"},
    {file = "pillow-10.3.0-cp39-cp39-manylinux_2_17_x86_64.manylinux2014_x86_64.whl", hash = "sha256:3102045a10945173d38336f6e71a8dc71bcaeed55c3123ad4af82c52807b9375"},
    {file = "pillow-10.3.0-cp39-cp39-manylinux_2_28_aarch64.whl", hash = "sha256:6fb1b30043271ec92dc65f6d9f0b7a830c210b8a96423074b15c7bc999975f57"},
    {file = "pillow-10.3.0-cp39-cp39-manylinux_2_28_x86_64.whl", hash = "sha256:1dfc94946bc60ea375cc39cff0b8da6c7e5f8fcdc1d946beb8da5c216156ddd8"},
    {file = "pillow-10.3.0-cp39-cp39-musllinux_1_1_aarch64.whl", hash = "sha256:b09b86b27a064c9624d0a6c54da01c1beaf5b6cadfa609cf63789b1d08a797b9"},
    {file = "pillow-10.3.0-cp39-cp39-musllinux_1_1_x86_64.whl", hash = "sha256:d3b2348a78bc939b4fed6552abfd2e7988e0f81443ef3911a4b8498ca084f6eb"},
    {file = "pillow-10.3.0-cp39-cp39-win32.whl", hash = "sha256:45ebc7b45406febf07fef35d856f0293a92e7417ae7933207e90bf9090b70572"},
    {file = "pillow-10.3.0-cp39-cp39-win_amd64.whl", hash = "sha256:0ba26351b137ca4e0db0342d5d00d2e355eb29372c05afd544ebf47c0956ffeb"},
    {file = "pillow-10.3.0-cp39-cp39-win_arm64.whl", hash = "sha256:50fd3f6b26e3441ae07b7c979309638b72abc1a25da31a81a7fbd9495713ef4f"},
    {file = "pillow-10.3.0-pp310-pypy310_pp73-macosx_10_10_x86_64.whl", hash = "sha256:6b02471b72526ab8a18c39cb7967b72d194ec53c1fd0a70b050565a0f366d355"},
    {file = "pillow-10.3.0-pp310-pypy310_pp73-macosx_11_0_arm64.whl", hash = "sha256:8ab74c06ffdab957d7670c2a5a6e1a70181cd10b727cd788c4dd9005b6a8acd9"},
    {file = "pillow-10.3.0-pp310-pypy310_pp73-manylinux_2_17_aarch64.manylinux2014_aarch64.whl", hash = "sha256:048eeade4c33fdf7e08da40ef402e748df113fd0b4584e32c4af74fe78baaeb2"},
    {file = "pillow-10.3.0-pp310-pypy310_pp73-manylinux_2_17_x86_64.manylinux2014_x86_64.whl", hash = "sha256:9e2ec1e921fd07c7cda7962bad283acc2f2a9ccc1b971ee4b216b75fad6f0463"},
    {file = "pillow-10.3.0-pp310-pypy310_pp73-manylinux_2_28_aarch64.whl", hash = "sha256:4c8e73e99da7db1b4cad7f8d682cf6abad7844da39834c288fbfa394a47bbced"},
    {file = "pillow-10.3.0-pp310-pypy310_pp73-manylinux_2_28_x86_64.whl", hash = "sha256:16563993329b79513f59142a6b02055e10514c1a8e86dca8b48a893e33cf91e3"},
    {file = "pillow-10.3.0-pp310-pypy310_pp73-win_amd64.whl", hash = "sha256:dd78700f5788ae180b5ee8902c6aea5a5726bac7c364b202b4b3e3ba2d293170"},
    {file = "pillow-10.3.0-pp39-pypy39_pp73-macosx_10_10_x86_64.whl", hash = "sha256:aff76a55a8aa8364d25400a210a65ff59d0168e0b4285ba6bf2bd83cf675ba32"},
    {file = "pillow-10.3.0-pp39-pypy39_pp73-macosx_11_0_arm64.whl", hash = "sha256:b7bc2176354defba3edc2b9a777744462da2f8e921fbaf61e52acb95bafa9828"},
    {file = "pillow-10.3.0-pp39-pypy39_pp73-manylinux_2_17_aarch64.manylinux2014_aarch64.whl", hash = "sha256:793b4e24db2e8742ca6423d3fde8396db336698c55cd34b660663ee9e45ed37f"},
    {file = "pillow-10.3.0-pp39-pypy39_pp73-manylinux_2_17_x86_64.manylinux2014_x86_64.whl", hash = "sha256:d93480005693d247f8346bc8ee28c72a2191bdf1f6b5db469c096c0c867ac015"},
    {file = "pillow-10.3.0-pp39-pypy39_pp73-manylinux_2_28_aarch64.whl", hash = "sha256:c83341b89884e2b2e55886e8fbbf37c3fa5efd6c8907124aeb72f285ae5696e5"},
    {file = "pillow-10.3.0-pp39-pypy39_pp73-manylinux_2_28_x86_64.whl", hash = "sha256:1a1d1915db1a4fdb2754b9de292642a39a7fb28f1736699527bb649484fb966a"},
    {file = "pillow-10.3.0-pp39-pypy39_pp73-win_amd64.whl", hash = "sha256:a0eaa93d054751ee9964afa21c06247779b90440ca41d184aeb5d410f20ff591"},
    {file = "pillow-10.3.0.tar.gz", hash = "sha256:9d2455fbf44c914840c793e89aa82d0e1763a14253a000743719ae5946814b2d"},
]

[package.extras]
docs = ["furo", "olefile", "sphinx (>=2.4)", "sphinx-copybutton", "sphinx-inline-tabs", "sphinx-removed-in", "sphinxext-opengraph"]
fpx = ["olefile"]
mic = ["olefile"]
tests = ["check-manifest", "coverage", "defusedxml", "markdown2", "olefile", "packaging", "pyroma", "pytest", "pytest-cov", "pytest-timeout"]
typing = ["typing-extensions"]
xmp = ["defusedxml"]

[[package]]
name = "python-dotenv"
version = "1.0.1"
description = "Read key-value pairs from a .env file and set them as environment variables"
optional = false
python-versions = ">=3.8"
files = [
    {file = "python-dotenv-1.0.1.tar.gz", hash = "sha256:e324ee90a023d808f1959c46bcbc04446a10ced277783dc6ee09987c37ec10ca"},
    {file = "python_dotenv-1.0.1-py3-none-any.whl", hash = "sha256:f7b63ef50f1b690dddf550d03497b66d609393b40b564ed0d674909a68ebf16a"},
]

[package.extras]
cli = ["click (>=5.0)"]

[[package]]
name = "rcssmin"
version = "1.1.2"
description = "CSS Minifier"
optional = false
python-versions = "*"
files = [
    {file = "rcssmin-1.1.2-cp27-cp27m-manylinux1_i686.whl", hash = "sha256:0101a55992ded00220d38ebaf003d0858c1e6e8b365df6f18f9d7a2cdc5574b3"},
    {file = "rcssmin-1.1.2-cp27-cp27m-manylinux1_x86_64.whl", hash = "sha256:9d7a5c6a08948ae5d7e1422ac34031fc05242786e6b600b37948412ee16f3655"},
    {file = "rcssmin-1.1.2-cp27-cp27mu-manylinux1_i686.whl", hash = "sha256:5f602bcaa457680a89904c10d1a539ffae5d4de08ec61a2044efc93c9a743860"},
    {file = "rcssmin-1.1.2-cp27-cp27mu-manylinux1_x86_64.whl", hash = "sha256:d9384421d8cb516202349da7b6502d77df14860fa710f91dbe0b03b3b895dda3"},
    {file = "rcssmin-1.1.2-cp310-cp310-manylinux1_i686.whl", hash = "sha256:d40964dc7fbd74be30b1ef5543bb75c479a53d53362ecccba3f1a5de6453faca"},
    {file = "rcssmin-1.1.2-cp310-cp310-manylinux1_x86_64.whl", hash = "sha256:c9a55657a3d11c5901259b14f941ed7eec118cd5a4416535102eda491de6753f"},
    {file = "rcssmin-1.1.2-cp310-cp310-manylinux2014_aarch64.whl", hash = "sha256:065b7f85902c87011951b1d084fa694099d70feb6bef1c3e89456a1a0668c73b"},
    {file = "rcssmin-1.1.2-cp310-cp310-musllinux_1_1_aarch64.whl", hash = "sha256:b37db48eacf5b8ad09ee14eb25db8cc7176ce2339c1028499547858c152a936a"},
    {file = "rcssmin-1.1.2-cp310-cp310-musllinux_1_1_i686.whl", hash = "sha256:f1468ccbfe16a2b4cff5bc0d330488bb496f71b542d26bd2005b2ab05a295752"},
    {file = "rcssmin-1.1.2-cp310-cp310-musllinux_1_1_x86_64.whl", hash = "sha256:b3577e4955b89324cd8214ae8e9c2ce452197ea2f789527538cf41e662930495"},
    {file = "rcssmin-1.1.2-cp311-cp311-manylinux1_i686.whl", hash = "sha256:83dd2c3f7b70fae9c97bab99fd7a709dc852f0bc3e7482f8cfb378e0c5f1aed8"},
    {file = "rcssmin-1.1.2-cp311-cp311-manylinux1_x86_64.whl", hash = "sha256:2219d704f27006ecd17ef4b5744cac5f68a276be0889b114130660fb798f3583"},
    {file = "rcssmin-1.1.2-cp311-cp311-manylinux2014_aarch64.whl", hash = "sha256:a5e758c8db03a57fef847542bf14d96da75913cc0e2495540c018943c1f2d142"},
    {file = "rcssmin-1.1.2-cp311-cp311-musllinux_1_1_aarch64.whl", hash = "sha256:a0e353ecbfde3dba0a6579a674fc1dcdc1ff7e47ceff3b29beb6e235b53a981c"},
    {file = "rcssmin-1.1.2-cp311-cp311-musllinux_1_1_i686.whl", hash = "sha256:140d1c0ba21fb8c3a2bafae164540a6816e8ec3492bea6ace0c52eebd2cf303f"},
    {file = "rcssmin-1.1.2-cp311-cp311-musllinux_1_1_x86_64.whl", hash = "sha256:ef0d472d8f6b8271fef3e388f98085a257703a635556a3ea77287616ab594ea9"},
    {file = "rcssmin-1.1.2-cp312-cp312-manylinux1_i686.whl", hash = "sha256:e58a54e63f79c996284240ec2dfb2992e8b90ad8941b1c70997e256b65940de7"},
    {file = "rcssmin-1.1.2-cp312-cp312-manylinux1_x86_64.whl", hash = "sha256:657324bfb76fa9e97badabe26af97a1622446f33c9073dd0510c7c7e8c7b96da"},
    {file = "rcssmin-1.1.2-cp312-cp312-manylinux2014_aarch64.whl", hash = "sha256:fdffd58868a752cac0400249ce21bddf55e00d3206f8885d4a3aca1dab487070"},
    {file = "rcssmin-1.1.2-cp312-cp312-musllinux_1_1_aarch64.whl", hash = "sha256:82aad2c3526055956fba537ab067ad937b3f57a1bd13c89bf691fced9c24c89d"},
    {file = "rcssmin-1.1.2-cp312-cp312-musllinux_1_1_i686.whl", hash = "sha256:3a860a1f4304e9813900f70fe6b1d429aff73a6fa30ef07f345f68d0a4e33abc"},
    {file = "rcssmin-1.1.2-cp312-cp312-musllinux_1_1_x86_64.whl", hash = "sha256:0451a2c7e7c1ff893ecb7820de862f2ea6336cc69d473ecb0206212e49c817fc"},
    {file = "rcssmin-1.1.2-cp36-cp36m-manylinux1_i686.whl", hash = "sha256:283b5931eb25e159c0c37bba0717cf3ada2ff77a2827337790cd3921d33ae1eb"},
    {file = "rcssmin-1.1.2-cp36-cp36m-manylinux1_x86_64.whl", hash = "sha256:4cf7de426fbcce30df31261c1ce84d06fb2ae2f239b0c16ab7e9e083e0462432"},
    {file = "rcssmin-1.1.2-cp36-cp36m-manylinux2014_aarch64.whl", hash = "sha256:47d4d5d67f9ab8f18a6412f8eff843612ebddfff131260fd25a0b273a3d3b1a0"},
    {file = "rcssmin-1.1.2-cp36-cp36m-musllinux_1_1_aarch64.whl", hash = "sha256:ce4fce4b3f0cf3621f13f6b8aebbe6c90de3587e383d13dbc7c4c1576f27fda8"},
    {file = "rcssmin-1.1.2-cp36-cp36m-musllinux_1_1_i686.whl", hash = "sha256:3ab50d50ecbfa41d8984b545871df447c90a0c55e16a594e0c97057eb694a7af"},
    {file = "rcssmin-1.1.2-cp36-cp36m-musllinux_1_1_x86_64.whl", hash = "sha256:8eddfed4ac175a97eb228a289f820ff1bffcc3db7c63345e4590a49de7051244"},
    {file = "rcssmin-1.1.2-cp37-cp37m-manylinux1_i686.whl", hash = "sha256:bc2d0ccf449f3f4c385789c9e7898f77fa40f88211cc7d385502f5ea11bc36f4"},
    {file = "rcssmin-1.1.2-cp37-cp37m-manylinux1_x86_64.whl", hash = "sha256:754c3cab791da42cabfd430289dd991183d2e97f6c36a758ac4fd83c6998cb77"},
    {file = "rcssmin-1.1.2-cp37-cp37m-manylinux2014_aarch64.whl", hash = "sha256:997d3f6defd707f8a7bd39cedb765cedbf9c790ed0bc1f1c8fb65f4026007021"},
    {file = "rcssmin-1.1.2-cp37-cp37m-musllinux_1_1_aarch64.whl", hash = "sha256:9c9688d42654f06535a2a052a0c2f02989b9052149f6cd3263ed320a10379657"},
    {file = "rcssmin-1.1.2-cp37-cp37m-musllinux_1_1_i686.whl", hash = "sha256:a8856db4529e524a632478d88f34d075ec7e772804257d9b99071b8bdd5f3733"},
    {file = "rcssmin-1.1.2-cp37-cp37m-musllinux_1_1_x86_64.whl", hash = "sha256:d59a28d6819ad43ed660dfcdf297593f04e8bc227d7abd9548f12a16d6e645f1"},
    {file = "rcssmin-1.1.2-cp38-cp38-manylinux1_i686.whl", hash = "sha256:d1c9efc26682ff610194a0c56b0f192355136e066ff78683806778f0bc5e5093"},
    {file = "rcssmin-1.1.2-cp38-cp38-manylinux1_x86_64.whl", hash = "sha256:e5f08c79991c8ee0aa7064aa58ae92b0811d4a84948636ec0219b39d257470aa"},
    {file = "rcssmin-1.1.2-cp38-cp38-manylinux2014_aarch64.whl", hash = "sha256:2d39b277a568f6208a4beea237c2d1188bd680deaff39f3742278462645a87ed"},
    {file = "rcssmin-1.1.2-cp38-cp38-musllinux_1_1_aarch64.whl", hash = "sha256:2b6a19926f7257ebb7d23040bb0ace05fa43dff7b60d8a9c35bfdf551fa57686"},
    {file = "rcssmin-1.1.2-cp38-cp38-musllinux_1_1_i686.whl", hash = "sha256:69283a445483ac439af10ca9f50463c3770ef79a99833af7d5105c75f8ab3c5d"},
    {file = "rcssmin-1.1.2-cp38-cp38-musllinux_1_1_x86_64.whl", hash = "sha256:a8e4c1bfa110d450970df60d904feab71c287e777a3cf522fd20e766483c8ce4"},
    {file = "rcssmin-1.1.2-cp39-cp39-manylinux1_i686.whl", hash = "sha256:19e48f7f66a3fa329215a02b3a952737b0b12f9976cd79ff2c236f96960d71d1"},
    {file = "rcssmin-1.1.2-cp39-cp39-manylinux1_x86_64.whl", hash = "sha256:e3ad642a1bfcbbddc3c36ad4c5676ef53267dd7c193c746a2f6670fe5bd03a60"},
    {file = "rcssmin-1.1.2-cp39-cp39-manylinux2014_aarch64.whl", hash = "sha256:20f8592341960b031967f7ada165e6c8077dfc01eb4092fb970a5a4e64506695"},
    {file = "rcssmin-1.1.2-cp39-cp39-musllinux_1_1_aarch64.whl", hash = "sha256:1c1d9a24132f4c48d080a59c20fce99a4fd9c393eb63f9779f2497ae28992de1"},
    {file = "rcssmin-1.1.2-cp39-cp39-musllinux_1_1_i686.whl", hash = "sha256:50576521c1e08e8f137225b8a6e8ae88e867f53dfd82c537616591c67f112aad"},
    {file = "rcssmin-1.1.2-cp39-cp39-musllinux_1_1_x86_64.whl", hash = "sha256:f363c9d242e1afce4fafbbf6bed52452464b19199e66075bed606764f31ca329"},
    {file = "rcssmin-1.1.2.tar.gz", hash = "sha256:bc75eb75bd6d345c0c51fd80fc487ddd6f9fd409dd7861b3fe98dee85018e1e9"},
]

[[package]]
name = "reportlab"
version = "4.2.0"
description = "The Reportlab Toolkit"
optional = false
python-versions = "<4,>=3.7"
files = [
    {file = "reportlab-4.2.0-py3-none-any.whl", hash = "sha256:53630f9d25a7938def3e6a93d723b72a7a5921d34d23cf7a0930adeb2cb0e6c1"},
    {file = "reportlab-4.2.0.tar.gz", hash = "sha256:474fb28d63431a5d47d75c90d580393050df7d491a09c7877df3291a2e9f6d0a"},
]

[package.dependencies]
chardet = "*"
pillow = ">=9.0.0"

[package.extras]
accel = ["rl-accel (>=0.9.0,<1.1)"]
pycairo = ["freetype-py (>=2.3.0,<2.4)", "rlPyCairo (>=0.2.0,<1)"]
renderpm = ["rl-renderPM (>=4.0.3,<4.1)"]

[[package]]
name = "rjsmin"
version = "1.2.2"
description = "Javascript Minifier"
optional = false
python-versions = "*"
files = [
    {file = "rjsmin-1.2.2-cp27-cp27m-manylinux1_i686.whl", hash = "sha256:4420107304ba7a00b5b9b56cdcd166b9876b34e626829fc4552c85d8fdc3737a"},
    {file = "rjsmin-1.2.2-cp27-cp27m-manylinux1_x86_64.whl", hash = "sha256:155a2f3312c1f8c6cec7b5080581cafc761dc0e41d64bfb5d46a772c5230ded8"},
    {file = "rjsmin-1.2.2-cp27-cp27mu-manylinux1_i686.whl", hash = "sha256:88fcb58d65f88cbfa752d51c1ebe5845553f9706def6d9671e98283411575e3e"},
    {file = "rjsmin-1.2.2-cp27-cp27mu-manylinux1_x86_64.whl", hash = "sha256:6eae13608b88f4ce32e0557c8fdef58e69bb4d293182202a03e800f0d33b5268"},
    {file = "rjsmin-1.2.2-cp310-cp310-manylinux1_i686.whl", hash = "sha256:81f92fb855fb613ebd04a6d6d46483e71fe3c4f22042dc30dcc938fbd748e59c"},
    {file = "rjsmin-1.2.2-cp310-cp310-manylinux1_x86_64.whl", hash = "sha256:897db9bf25538047e9388951d532dc291a629b5d041180a8a1a8c102e9d44b90"},
    {file = "rjsmin-1.2.2-cp310-cp310-manylinux2014_aarch64.whl", hash = "sha256:5938af8c46734f92f74fdc4d0b6324137c0e09f0a8c3825c83e4cfca1b532e40"},
    {file = "rjsmin-1.2.2-cp310-cp310-musllinux_1_1_aarch64.whl", hash = "sha256:0424a7b9096fa2b0ab577c4dc7acd683e6cfb5c718ad39a9fb293cb6cbaba95b"},
    {file = "rjsmin-1.2.2-cp310-cp310-musllinux_1_1_i686.whl", hash = "sha256:1714ed93c2bd40c5f970905d2eeda4a6844e09087ae11277d4d43b3e68c32a47"},
    {file = "rjsmin-1.2.2-cp310-cp310-musllinux_1_1_x86_64.whl", hash = "sha256:35596fa6d2d44a5471715c464657123995da78aa6f79bccfbb4b8d6ff7d0a4b4"},
    {file = "rjsmin-1.2.2-cp311-cp311-manylinux1_i686.whl", hash = "sha256:3968667158948355b9a62e9641497aac7ac069c076a595e93199d0fe3a40217a"},
    {file = "rjsmin-1.2.2-cp311-cp311-manylinux1_x86_64.whl", hash = "sha256:d07d14354694f6a47f572f2aa2a1ad74b76723e62a0d2b6df796138b71888247"},
    {file = "rjsmin-1.2.2-cp311-cp311-manylinux2014_aarch64.whl", hash = "sha256:a78dfa6009235b902454ac53264252b7b94f1e43e3a9e97c4cadae88e409b882"},
    {file = "rjsmin-1.2.2-cp311-cp311-musllinux_1_1_aarch64.whl", hash = "sha256:9b7a45001e58243a455d11d2de925cadb8c2a0dc737001de646a0f4d90cf0034"},
    {file = "rjsmin-1.2.2-cp311-cp311-musllinux_1_1_i686.whl", hash = "sha256:86c5e657b74b6c9482bb96f18a79d61750f4e8204759cce179f7eb17d395c683"},
    {file = "rjsmin-1.2.2-cp311-cp311-musllinux_1_1_x86_64.whl", hash = "sha256:8c2c30b86c7232443a4a726e1bbee34f800556e581e95fc07194ecbf8e02d1d2"},
    {file = "rjsmin-1.2.2-cp312-cp312-manylinux1_i686.whl", hash = "sha256:8982c3ef27fac26dd6b7d0c55ae98fa550fee72da2db010b87211e4b5dd78a67"},
    {file = "rjsmin-1.2.2-cp312-cp312-manylinux1_x86_64.whl", hash = "sha256:3fc27ae4ece99e2c994cd79df2f0d3f7ac650249f632d19aa8ce85118e33bf0f"},
    {file = "rjsmin-1.2.2-cp312-cp312-manylinux2014_aarch64.whl", hash = "sha256:41113d8d6cae7f7406b30143cc49cc045bbb3fadc2f28df398cea30e1daa60b1"},
    {file = "rjsmin-1.2.2-cp312-cp312-musllinux_1_1_aarch64.whl", hash = "sha256:3aa09a89b2b7aa2b9251329fe0c3e36c2dc2f10f78b8811e5be92a072596348b"},
    {file = "rjsmin-1.2.2-cp312-cp312-musllinux_1_1_i686.whl", hash = "sha256:5abb8d1241f4ea97950b872fa97a422ba8413fe02358f64128ff0cf745017f07"},
    {file = "rjsmin-1.2.2-cp312-cp312-musllinux_1_1_x86_64.whl", hash = "sha256:5abc686a9ef7eaf208f9ad1fb5fb949556ecb7cc1fee27290eb7f194e01d97bd"},
    {file = "rjsmin-1.2.2-cp36-cp36m-manylinux1_i686.whl", hash = "sha256:076adcf04c34f712c9427fd9ba6a75bbf7aab975650dfc78cbdd0fbdbe49ca63"},
    {file = "rjsmin-1.2.2-cp36-cp36m-manylinux1_x86_64.whl", hash = "sha256:8cb8947ddd250fce58261b0357846cd5d55419419c0f7dfb131dc4b733579a26"},
    {file = "rjsmin-1.2.2-cp36-cp36m-manylinux2014_aarch64.whl", hash = "sha256:9069c48b6508b9c5b05435e2c6042c2a0e2f97b35d7b9c27ceaea5fd377ffdc5"},
    {file = "rjsmin-1.2.2-cp36-cp36m-musllinux_1_1_aarch64.whl", hash = "sha256:02b61cf9b6bc518fdac667f3ca3dab051cb8bd1bf4cba28b6d29153ec27990ad"},
    {file = "rjsmin-1.2.2-cp36-cp36m-musllinux_1_1_i686.whl", hash = "sha256:09eca8581797244587916e5e07e36c4c86d54a4b7e5c7697484a95b75803515d"},
    {file = "rjsmin-1.2.2-cp36-cp36m-musllinux_1_1_x86_64.whl", hash = "sha256:c52b9dd45c837f1c5c2e8d40776f9e63257f8dbd5f79b85f648cc70da6c1e4e9"},
    {file = "rjsmin-1.2.2-cp37-cp37m-manylinux1_i686.whl", hash = "sha256:4fe4ce990412c053a6bcd47d55133927e22fd3d100233d73355f60f9053054c5"},
    {file = "rjsmin-1.2.2-cp37-cp37m-manylinux1_x86_64.whl", hash = "sha256:aa883b9363b5134239066060879d5eb422a0d4ccf24ccf871f65a5b34c64926f"},
    {file = "rjsmin-1.2.2-cp37-cp37m-manylinux2014_aarch64.whl", hash = "sha256:6f4e95c5ac95b4cbb519917b3aa1d3d92fc6939c371637674c4a42b67b2b3f44"},
    {file = "rjsmin-1.2.2-cp37-cp37m-musllinux_1_1_aarch64.whl", hash = "sha256:ae3cd64e18e62aa330b24dd6f7b9809ce0a694afd1f01fe99c21f9acd1cb0ea6"},
    {file = "rjsmin-1.2.2-cp37-cp37m-musllinux_1_1_i686.whl", hash = "sha256:7999d797fcf805844d2d91598651785497249f592f31674da0964e794b3be019"},
    {file = "rjsmin-1.2.2-cp37-cp37m-musllinux_1_1_x86_64.whl", hash = "sha256:e733fea039a7b5ad7c06cc8bf215ee7afac81d462e273b3ab55c1ccc906cf127"},
    {file = "rjsmin-1.2.2-cp38-cp38-manylinux1_i686.whl", hash = "sha256:ccca74461bd53a99ff3304fcf299ea861df89846be3207329cb82d717ce47ea6"},
    {file = "rjsmin-1.2.2-cp38-cp38-manylinux1_x86_64.whl", hash = "sha256:88f59ad24f91bf9c25d5c2ca3c84a72eed0028f57a98e3b85a915ece5c25be1e"},
    {file = "rjsmin-1.2.2-cp38-cp38-manylinux2014_aarch64.whl", hash = "sha256:7a8b56fbd64adcc4402637f0e07b90b441e9981d720a10eb6265118018b42682"},
    {file = "rjsmin-1.2.2-cp38-cp38-musllinux_1_1_aarch64.whl", hash = "sha256:2c24686cfdf86e55692183f7867e72c9e982add479c244eda7b8390f96db2c6c"},
    {file = "rjsmin-1.2.2-cp38-cp38-musllinux_1_1_i686.whl", hash = "sha256:6c0d9f9ea8d9cd48cbcdc74a1c2e85d4d588af12bb8f0b672070ae7c9b6e6306"},
    {file = "rjsmin-1.2.2-cp38-cp38-musllinux_1_1_x86_64.whl", hash = "sha256:27abd32c9f5b6e0c0a3bcad43e8e24108c6d6c13a4e6c50c97497ea2b4614bb4"},
    {file = "rjsmin-1.2.2-cp39-cp39-manylinux1_i686.whl", hash = "sha256:e0e009f6f8460901f5144b34ac2948f94af2f9b8c9b5425da705dbc8152c36c2"},
    {file = "rjsmin-1.2.2-cp39-cp39-manylinux1_x86_64.whl", hash = "sha256:41e6013cb37a5b3563c19aa35f8e659fa536aa4197a0e3b6a57a381638294a15"},
    {file = "rjsmin-1.2.2-cp39-cp39-manylinux2014_aarch64.whl", hash = "sha256:62cbd38c9f5090f0a6378a45c415b4f96ae871216cedab0dfa21965620c0be4c"},
    {file = "rjsmin-1.2.2-cp39-cp39-musllinux_1_1_aarch64.whl", hash = "sha256:2fd5254d36f10a17564b63e8bf9ac579c7b5f211364e11e9753ff5b562843c67"},
    {file = "rjsmin-1.2.2-cp39-cp39-musllinux_1_1_i686.whl", hash = "sha256:6cf0309d001a0d45d731dbaab1afd0c23d135c9e029fe56c935c1798094686fc"},
    {file = "rjsmin-1.2.2-cp39-cp39-musllinux_1_1_x86_64.whl", hash = "sha256:bfbe333dab8d23f0a71da90e2d8e8b762a739cbd55a6f948b2dfda089b6d5853"},
    {file = "rjsmin-1.2.2.tar.gz", hash = "sha256:8c1bcd821143fecf23242012b55e13610840a839cd467b358f16359010d62dae"},
]

[[package]]
name = "sqlparse"
version = "0.5.0"
description = "A non-validating SQL parser."
optional = false
python-versions = ">=3.8"
files = [
    {file = "sqlparse-0.5.0-py3-none-any.whl", hash = "sha256:c204494cd97479d0e39f28c93d46c0b2d5959c7b9ab904762ea6c7af211c8663"},
    {file = "sqlparse-0.5.0.tar.gz", hash = "sha256:714d0a4932c059d16189f58ef5411ec2287a4360f17cdd0edd2d09d4c5087c93"},
]

[package.extras]
dev = ["build", "hatch"]
doc = ["sphinx"]

[[package]]
name = "tzdata"
version = "2024.1"
description = "Provider of IANA time zone data"
optional = false
python-versions = ">=2"
files = [
    {file = "tzdata-2024.1-py2.py3-none-any.whl", hash = "sha256:9068bc196136463f5245e51efda838afa15aaeca9903f49050dfa2679db4d252"},
    {file = "tzdata-2024.1.tar.gz", hash = "sha256:2674120f8d891909751c38abcdfd386ac0a5a1127954fbc332af6b5ceae07efd"},
]

[metadata]
lock-version = "2.0"
python-versions = "^3.12"
content-hash = "fb7f383d0732fce45769ee3fec30a3e45d7219caf0d6661b800a5f76a96aa2d2"
